lockfileVersion: '9.0'

settings:
  autoInstallPeers: true
  excludeLinksFromLockfile: false

importers:

  .:
    dependencies:
      '@anthropic-ai/sdk':
        specifier: ^0.80.0
        version: 0.80.0
      dotenv:
        specifier: ^17.3.1
        version: 17.3.1

packages:

  '@anthropic-ai/sdk@0.80.0':
    resolution: {integrity: sha512-WeXLn7zNVk3yjeshn+xZHvld6AoFUOR3Sep6pSoHho5YbSi6HwcirqgPA5ccFuW8QTVJAAU7N8uQQC6Wa9TG+g==, tarball: https://registry.npmjs.org/@anthropic-ai/sdk/-/sdk-0.80.0.tgz}
    hasBin: true
    peerDependencies:
      zod: ^3.25.0 || ^4.0.0
    peerDependenciesMeta:
      zod:
        optional: true

  '@babel/runtime@7.29.2':
    resolution: {integrity: sha512-JiDShH45zKHWyGe4ZNVRrCjBz8Nh9TMmZG1kh4QTK8hCBTWBi8Da+i7s1fJw7/lYpM4ccepSNfqzZ/QvABBi5g==, tarball: https://registry.npmjs.org/@babel/runtime/-/runtime-7.29.2.tgz}
    engines: {node: '>=6.9.0'}

  dotenv@17.3.1:
    resolution: {integrity: sha512-IO8C/dzEb6O3F9/twg6ZLXz164a2fhTnEWb95H23Dm4OuN+92NmEAlTrupP9VW6Jm3sO26tQlqyvyi4CsnY9GA==, tarball: https://registry.npmjs.org/dotenv/-/dotenv-17.3.1.tgz}
    engines: {node: '>=12'}

  json-schema-to-ts@3.1.1:
    resolution: {integrity: sha512-+DWg8jCJG2TEnpy7kOm/7/AxaYoaRbjVB4LFZLySZlWn8exGs3A4OLJR966cVvU26N7X9TWxl+Jsw7dzAqKT6g==, tarball: https://registry.npmjs.org/json-schema-to-ts/-/json-schema-to-ts-3.1.1.tgz}
    engines: {node: '>=16'}

  ts-algebra@2.0.0:
    resolution: {integrity: sha512-FPAhNPFMrkwz76P7cdjdmiShwMynZYN6SgOujD1urY4oNm80Ou9oMdmbR45LotcKOXoy7wSmHkRFE6Mxbrhefw==, tarball: https://registry.npmjs.org/ts-algebra/-/ts-algebra-2.0.0.tgz}

snapshots:

  '@anthropic-ai/sdk@0.80.0':
    dependencies:
      json-schema-to-ts: 3.1.1

  '@babel/runtime@7.29.2': {}

  dotenv@17.3.1: {}

  json-schema-to-ts@3.1.1:
    dependencies:
      '@babel/runtime': 7.29.2
      ts-algebra: 2.0.0

  ts-algebra@2.0.0: {}
